
Microsoft Visual Studio Solution File, Format Version 12.00
# Visual Studio Version 16
VisualStudioVersion = 25.0.1700.7
MinimumVisualStudioVersion = 10.0.40219.1
Project("{FAE04EC0-301F-11D3-BF4B-00C04F79EFBC}") = "ClassesExerciseOne", "ClassesExerciseOne\ClassesExerciseOne.csproj", "{A82FBF43-BC1F-4D64-B6D8-49B4F0204A79}"
EndProject
Global
	GlobalSection(SolutionConfigurationPlatforms) = preSolution
		Debug|Any CPU = Debug|Any CPU
		Release|Any CPU = Release|Any CPU
	EndGlobalSection
	GlobalSection(ProjectConfigurationPlatforms) = postSolution
		{A82FBF43-BC1F-4D64-B6D8-49B4F0204A79}.Debug|Any CPU.ActiveCfg = Debug|Any CPU
		{A82FBF43-BC1F-4D64-B6D8-49B4F0204A79}.Debug|Any CPU.Build.0 = Debug|Any CPU
		{A82FBF43-BC1F-4D64-B6D8-49B4F0204A79}.Release|Any CPU.ActiveCfg = Release|Any CPU
		{A82FBF43-BC1F-4D64-B6D8-49B4F0204A79}.Release|Any CPU.Build.0 = Release|Any CPU
	EndGlobalSection
	GlobalSection(SolutionProperties) = preSolution
		HideSolutionNode = FALSE
	EndGlobalSection
	GlobalSection(ExtensibilityGlobals) = postSolution
		SolutionGuid = {3001CDA8-CB24-473A-9319-5584AD7E4A67}
	EndGlobalSection
EndGlobal
